<Solution>
  <Project Path="server.API/server.API.csproj" Id="89dcddf4-2fdb-44ee-9ccb-63997869876d" />
  <Project Path="server.Application/server.Application.csproj" />
  <Project Path="server.Domain/server.Domain.csproj" />
  <Project Path="server.Infrastucture/server.Infrastucture.csproj" />
  <Project Path="server.Persistence/server.Persistence.csproj" />
</Solution>
